
Microsoft Visual Studio Solution File, Format Version 12.00
# Visual Studio Version 16
VisualStudioVersion = 16.0.29009.5
MinimumVisualStudioVersion = 10.0.40219.1
Project("{9A19103F-16F7-4668-BE54-9A1E7A4F7556}") = "ClassiFattoria", "ClassiFattoria\ClassiFattoria.csproj", "{D541BAF9-972D-4F50-9DFA-5040D5B7F358}"
EndProject
Global
	GlobalSection(SolutionConfigurationPlatforms) = preSolution
		Debug|Any CPU = Debug|Any CPU
		Release|Any CPU = Release|Any CPU
	EndGlobalSection
	GlobalSection(ProjectConfigurationPlatforms) = postSolution
		{D541BAF9-972D-4F50-9DFA-5040D5B7F358}.Debug|Any CPU.ActiveCfg = Debug|Any CPU
		{D541BAF9-972D-4F50-9DFA-5040D5B7F358}.Debug|Any CPU.Build.0 = Debug|Any CPU
		{D541BAF9-972D-4F50-9DFA-5040D5B7F358}.Release|Any CPU.ActiveCfg = Release|Any CPU
		{D541BAF9-972D-4F50-9DFA-5040D5B7F358}.Release|Any CPU.Build.0 = Release|Any CPU
	EndGlobalSection
	GlobalSection(SolutionProperties) = preSolution
		HideSolutionNode = FALSE
	EndGlobalSection
	GlobalSection(ExtensibilityGlobals) = postSolution
		SolutionGuid = {8BB76608-2698-4EFF-A4A7-02FB9287E900}
	EndGlobalSection
EndGlobal
